{
  "name": "openacademy",
  "version": "1.0.0",
  "lockfileVersion": 1,
  "requires": true,
  "dependencies": {
    "angular": {
      "version": "https://registry.npmjs.org/angular/-/angular-1.6.1.tgz",
      "integrity": "sha1-p7bXY6dMFXMlaSYZ6XJX5p2baic="
    },
    "angular-chart.js": {
      "version": "https://registry.npmjs.org/angular-chart.js/-/angular-chart.js-1.1.1.tgz",
      "integrity": "sha1-SfDhjQgXYrbUyXkeSHr/L7sw9a4=",
      "requires": {
        "angular": "https://registry.npmjs.org/angular/-/angular-1.6.1.tgz",
        "chart.js": "https://registry.npmjs.org/chart.js/-/chart.js-2.3.0.tgz"
      },
      "dependencies": {
        "chart.js": {
          "version": "https://registry.npmjs.org/chart.js/-/chart.js-2.3.0.tgz",
          "integrity": "sha1-QEYOSOLEF8BfwzJc2E97AA3H19Y=",
          "requires": {
            "chartjs-color": "https://registry.npmjs.org/chartjs-color/-/chartjs-color-2.0.0.tgz",
            "moment": "https://registry.npmjs.org/moment/-/moment-2.17.1.tgz"
          }
        }
      }
    },
    "angular-route": {
      "version": "https://registry.npmjs.org/angular-route/-/angular-route-1.6.1.tgz",
      "integrity": "sha1-bRCH9NahQiAm+RoTvoatyPHSDsc="
    },
    "chart.js": {
      "version": "https://registry.npmjs.org/chart.js/-/chart.js-2.4.0.tgz",
      "integrity": "sha1-RBmAc/D0Pl4WZi4QhCDZJlKjyaM=",
      "requires": {
        "chartjs-color": "https://registry.npmjs.org/chartjs-color/-/chartjs-color-2.0.0.tgz",
        "moment": "https://registry.npmjs.org/moment/-/moment-2.17.1.tgz"
      }
    },
    "chartjs-color": {
      "version": "https://registry.npmjs.org/chartjs-color/-/chartjs-color-2.0.0.tgz",
      "integrity": "sha1-f2DHJWWJskkUgU7OdXZZEXOB41s=",
      "requires": {
        "chartjs-color-string": "https://registry.npmjs.org/chartjs-color-string/-/chartjs-color-string-0.4.0.tgz",
        "color-convert": "https://registry.npmjs.org/color-convert/-/color-convert-0.5.3.tgz"
      }
    },
    "chartjs-color-string": {
      "version": "https://registry.npmjs.org/chartjs-color-string/-/chartjs-color-string-0.4.0.tgz",
      "integrity": "sha1-V3SNRTCuKNjbClSSGCugbf3y9Gg=",
      "requires": {
        "color-name": "https://registry.npmjs.org/color-name/-/color-name-1.1.1.tgz"
      }
    },
    "color-convert": {
      "version": "https://registry.npmjs.org/color-convert/-/color-convert-0.5.3.tgz",
      "integrity": "sha1-vbbGnOZg+t/+CwAHzER+G59ygr0="
    },
    "color-name": {
      "version": "https://registry.npmjs.org/color-name/-/color-name-1.1.1.tgz",
      "integrity": "sha1-SxQVMEz1ACjqgWQ2Q72C6gWANok="
    },
    "moment": {
      "version": "https://registry.npmjs.org/moment/-/moment-2.17.1.tgz",
      "integrity": "sha1-/tlQYGPzaxDwZsi1mhRNf66+HYI="
    }
  }
}
